
Microsoft Visual Studio Solution File, Format Version 12.00
Project("{2150E333-8FDC-42A3-9474-1A3956D46DE8}") = "Core", "Core", "{7921F1D5-93E4-4E2C-8E5E-069FE8024F76}"
EndProject
Project("{FAE04EC0-301F-11D3-BF4B-00C04F79EFBC}") = "Domain", "Domain\Domain.csproj", "{EFC291FF-B4A1-43A4-ACBE-720D8905E977}"
EndProject
Project("{2150E333-8FDC-42A3-9474-1A3956D46DE8}") = "Infrastructure", "Infrastructure", "{534E3BDD-8A7D-40C7-A45C-6F4598195DC2}"
	ProjectSection(SolutionItems) = preProject
		Infrastructure\.gitignore = Infrastructure\.gitignore
	EndProjectSection
EndProject
Project("{FAE04EC0-301F-11D3-BF4B-00C04F79EFBC}") = "Application", "Application\Application.csproj", "{A06D29F9-A1D1-43C3-B902-8241F5EC3E5E}"
EndProject
Project("{FAE04EC0-301F-11D3-BF4B-00C04F79EFBC}") = "Postgre", "Postgre\Postgre.csproj", "{304C2BE5-AFE4-42EB-8F64-3EB213AEBF8E}"
EndProject
Project("{2150E333-8FDC-42A3-9474-1A3956D46DE8}") = "Web", "Web", "{3A30E3A5-E7E1-47AD-8056-E207683209EA}"
EndProject
Project("{FAE04EC0-301F-11D3-BF4B-00C04F79EFBC}") = "Api", "Api\Api.csproj", "{D701B072-B80E-4189-8423-F5FD667C897A}"
EndProject
Project("{FAE04EC0-301F-11D3-BF4B-00C04F79EFBC}") = "DependencyInjections", "DependencyInjections\DependencyInjections.csproj", "{2AEA6714-E9AA-44E9-94F8-AC9B9FAEB989}"
EndProject
Project("{FAE04EC0-301F-11D3-BF4B-00C04F79EFBC}") = "JwtToken", "JwtToken\JwtToken.csproj", "{1AED0BE8-8240-4506-9DD1-94B16A1A72FA}"
EndProject
Project("{FAE04EC0-301F-11D3-BF4B-00C04F79EFBC}") = "Redis", "Redis\Redis.csproj", "{4FF6C97A-ACFD-47A1-A6E0-BC19EA431F75}"
EndProject
Project("{FAE04EC0-301F-11D3-BF4B-00C04F79EFBC}") = "LoginNotification", "LoginNotification\LoginNotification.csproj", "{E426D47F-691A-48E8-9441-1A4AE36F66FB}"
EndProject
Project("{FAE04EC0-301F-11D3-BF4B-00C04F79EFBC}") = "Messaging.Kafka", "Infrastructure\Messaging.Kafka\Messaging.Kafka.csproj", "{9D8128F7-237F-4119-8DA6-0D2DF4C321E0}"
EndProject
Global
	GlobalSection(SolutionConfigurationPlatforms) = preSolution
		Debug|Any CPU = Debug|Any CPU
		Release|Any CPU = Release|Any CPU
	EndGlobalSection
	GlobalSection(NestedProjects) = preSolution
		{EFC291FF-B4A1-43A4-ACBE-720D8905E977} = {7921F1D5-93E4-4E2C-8E5E-069FE8024F76}
		{A06D29F9-A1D1-43C3-B902-8241F5EC3E5E} = {7921F1D5-93E4-4E2C-8E5E-069FE8024F76}
		{304C2BE5-AFE4-42EB-8F64-3EB213AEBF8E} = {534E3BDD-8A7D-40C7-A45C-6F4598195DC2}
		{D701B072-B80E-4189-8423-F5FD667C897A} = {3A30E3A5-E7E1-47AD-8056-E207683209EA}
		{2AEA6714-E9AA-44E9-94F8-AC9B9FAEB989} = {534E3BDD-8A7D-40C7-A45C-6F4598195DC2}
		{1AED0BE8-8240-4506-9DD1-94B16A1A72FA} = {534E3BDD-8A7D-40C7-A45C-6F4598195DC2}
		{4FF6C97A-ACFD-47A1-A6E0-BC19EA431F75} = {534E3BDD-8A7D-40C7-A45C-6F4598195DC2}
		{E426D47F-691A-48E8-9441-1A4AE36F66FB} = {534E3BDD-8A7D-40C7-A45C-6F4598195DC2}
		{9D8128F7-237F-4119-8DA6-0D2DF4C321E0} = {534E3BDD-8A7D-40C7-A45C-6F4598195DC2}
	EndGlobalSection
	GlobalSection(ProjectConfigurationPlatforms) = postSolution
		{EFC291FF-B4A1-43A4-ACBE-720D8905E977}.Debug|Any CPU.ActiveCfg = Debug|Any CPU
		{EFC291FF-B4A1-43A4-ACBE-720D8905E977}.Debug|Any CPU.Build.0 = Debug|Any CPU
		{EFC291FF-B4A1-43A4-ACBE-720D8905E977}.Release|Any CPU.ActiveCfg = Release|Any CPU
		{EFC291FF-B4A1-43A4-ACBE-720D8905E977}.Release|Any CPU.Build.0 = Release|Any CPU
		{A06D29F9-A1D1-43C3-B902-8241F5EC3E5E}.Debug|Any CPU.ActiveCfg = Debug|Any CPU
		{A06D29F9-A1D1-43C3-B902-8241F5EC3E5E}.Debug|Any CPU.Build.0 = Debug|Any CPU
		{A06D29F9-A1D1-43C3-B902-8241F5EC3E5E}.Release|Any CPU.ActiveCfg = Release|Any CPU
		{A06D29F9-A1D1-43C3-B902-8241F5EC3E5E}.Release|Any CPU.Build.0 = Release|Any CPU
		{304C2BE5-AFE4-42EB-8F64-3EB213AEBF8E}.Debug|Any CPU.ActiveCfg = Debug|Any CPU
		{304C2BE5-AFE4-42EB-8F64-3EB213AEBF8E}.Debug|Any CPU.Build.0 = Debug|Any CPU
		{304C2BE5-AFE4-42EB-8F64-3EB213AEBF8E}.Release|Any CPU.ActiveCfg = Release|Any CPU
		{304C2BE5-AFE4-42EB-8F64-3EB213AEBF8E}.Release|Any CPU.Build.0 = Release|Any CPU
		{D701B072-B80E-4189-8423-F5FD667C897A}.Debug|Any CPU.ActiveCfg = Debug|Any CPU
		{D701B072-B80E-4189-8423-F5FD667C897A}.Debug|Any CPU.Build.0 = Debug|Any CPU
		{D701B072-B80E-4189-8423-F5FD667C897A}.Release|Any CPU.ActiveCfg = Release|Any CPU
		{D701B072-B80E-4189-8423-F5FD667C897A}.Release|Any CPU.Build.0 = Release|Any CPU
		{2AEA6714-E9AA-44E9-94F8-AC9B9FAEB989}.Debug|Any CPU.ActiveCfg = Debug|Any CPU
		{2AEA6714-E9AA-44E9-94F8-AC9B9FAEB989}.Debug|Any CPU.Build.0 = Debug|Any CPU
		{2AEA6714-E9AA-44E9-94F8-AC9B9FAEB989}.Release|Any CPU.ActiveCfg = Release|Any CPU
		{2AEA6714-E9AA-44E9-94F8-AC9B9FAEB989}.Release|Any CPU.Build.0 = Release|Any CPU
		{1AED0BE8-8240-4506-9DD1-94B16A1A72FA}.Debug|Any CPU.ActiveCfg = Debug|Any CPU
		{1AED0BE8-8240-4506-9DD1-94B16A1A72FA}.Debug|Any CPU.Build.0 = Debug|Any CPU
		{1AED0BE8-8240-4506-9DD1-94B16A1A72FA}.Release|Any CPU.ActiveCfg = Release|Any CPU
		{1AED0BE8-8240-4506-9DD1-94B16A1A72FA}.Release|Any CPU.Build.0 = Release|Any CPU
		{4FF6C97A-ACFD-47A1-A6E0-BC19EA431F75}.Debug|Any CPU.ActiveCfg = Debug|Any CPU
		{4FF6C97A-ACFD-47A1-A6E0-BC19EA431F75}.Debug|Any CPU.Build.0 = Debug|Any CPU
		{4FF6C97A-ACFD-47A1-A6E0-BC19EA431F75}.Release|Any CPU.ActiveCfg = Release|Any CPU
		{4FF6C97A-ACFD-47A1-A6E0-BC19EA431F75}.Release|Any CPU.Build.0 = Release|Any CPU
		{E426D47F-691A-48E8-9441-1A4AE36F66FB}.Debug|Any CPU.ActiveCfg = Debug|Any CPU
		{E426D47F-691A-48E8-9441-1A4AE36F66FB}.Debug|Any CPU.Build.0 = Debug|Any CPU
		{E426D47F-691A-48E8-9441-1A4AE36F66FB}.Release|Any CPU.ActiveCfg = Release|Any CPU
		{E426D47F-691A-48E8-9441-1A4AE36F66FB}.Release|Any CPU.Build.0 = Release|Any CPU
		{9D8128F7-237F-4119-8DA6-0D2DF4C321E0}.Debug|Any CPU.ActiveCfg = Debug|Any CPU
		{9D8128F7-237F-4119-8DA6-0D2DF4C321E0}.Debug|Any CPU.Build.0 = Debug|Any CPU
		{9D8128F7-237F-4119-8DA6-0D2DF4C321E0}.Release|Any CPU.ActiveCfg = Release|Any CPU
		{9D8128F7-237F-4119-8DA6-0D2DF4C321E0}.Release|Any CPU.Build.0 = Release|Any CPU
	EndGlobalSection
EndGlobal
